// !$*UTF8*$!
{
	archiveVersion = 1;
	classes = {
	};
	objectVersion = 56;
	objects = {

/* Begin PBXBuildFile section */
		AA210A432E82D22800B624C3 /* UIImageView+DownloadImageFromUrl.swift in Sources */ = {isa = PBXBuildFile; fileRef = AA210A422E82D22800B624C3 /* UIImageView+DownloadImageFromUrl.swift */; };
		AA210A462E82D24C00B624C3 /* CoreDataModel.xcdatamodeld in Sources */ = {isa = PBXBuildFile; fileRef = AA210A442E82D24C00B624C3 /* CoreDataModel.xcdatamodeld */; };
		AA210A512E82D28C00B624C3 /* FexturesCollectionViewCell.swift in Sources */ = {isa = PBXBuildFile; fileRef = AA210A472E82D28C00B624C3 /* FexturesCollectionViewCell.swift */; };
		AA210A522E82D28C00B624C3 /* FexturesCollectionViewCell.xib in Resources */ = {isa = PBXBuildFile; fileRef = AA210A482E82D28C00B624C3 /* FexturesCollectionViewCell.xib */; };
		AA210A532E82D28C00B624C3 /* FexturesViewController.swift in Sources */ = {isa = PBXBuildFile; fileRef = AA210A4A2E82D28C00B624C3 /* FexturesViewController.swift */; };
		AA210A542E82D28C00B624C3 /* FexturesViewController.xib in Resources */ = {isa = PBXBuildFile; fileRef = AA210A4B2E82D28C00B624C3 /* FexturesViewController.xib */; };
		AA210A552E82D28C00B624C3 /* TeamsCollectionViewCell.swift in Sources */ = {isa = PBXBuildFile; fileRef = AA210A4D2E82D28C00B624C3 /* TeamsCollectionViewCell.swift */; };
		AA210A562E82D28C00B624C3 /* TeamsCollectionViewCell.xib in Resources */ = {isa = PBXBuildFile; fileRef = AA210A4E2E82D28C00B624C3 /* TeamsCollectionViewCell.xib */; };
		AA2428192E79A94600E2B283 /* AnimatedLogoViewController.swift in Sources */ = {isa = PBXBuildFile; fileRef = AA2428172E79A94600E2B283 /* AnimatedLogoViewController.swift */; };
		AA24281A2E79A94600E2B283 /* AnimatedLogoViewController.xib in Resources */ = {isa = PBXBuildFile; fileRef = AA2428182E79A94600E2B283 /* AnimatedLogoViewController.xib */; };
		AA24281E2E79AAC100E2B283 /* HomeViewController.swift in Sources */ = {isa = PBXBuildFile; fileRef = AA24281C2E79AAC100E2B283 /* HomeViewController.swift */; };
		AA24281F2E79AAC100E2B283 /* HomeViewController.xib in Resources */ = {isa = PBXBuildFile; fileRef = AA24281D2E79AAC100E2B283 /* HomeViewController.xib */; };
		AA2428222E79ADCF00E2B283 /* MainTabBarController.swift in Sources */ = {isa = PBXBuildFile; fileRef = AA2428212E79ADCF00E2B283 /* MainTabBarController.swift */; };
		AA2428262E79AE1100E2B283 /* FavoritesViewController.swift in Sources */ = {isa = PBXBuildFile; fileRef = AA2428242E79AE1100E2B283 /* FavoritesViewController.swift */; };
		AA2428272E79AE1100E2B283 /* FavoritesViewController.xib in Resources */ = {isa = PBXBuildFile; fileRef = AA2428252E79AE1100E2B283 /* FavoritesViewController.xib */; };
		AA24282B2E79B56700E2B283 /* SportsCollectionViewCell.swift in Sources */ = {isa = PBXBuildFile; fileRef = AA2428292E79B56700E2B283 /* SportsCollectionViewCell.swift */; };
		AA24282C2E79B56700E2B283 /* SportsCollectionViewCell.xib in Resources */ = {isa = PBXBuildFile; fileRef = AA24282A2E79B56700E2B283 /* SportsCollectionViewCell.xib */; };
		AAAE75F02E7C5A4200DDB794 /* LeaguesViewController.xib in Resources */ = {isa = PBXBuildFile; fileRef = AAAE75EF2E7C5A4200DDB794 /* LeaguesViewController.xib */; };
		AAAE75F12E7C5A4200DDB794 /* LeaguesViewController.swift in Sources */ = {isa = PBXBuildFile; fileRef = AAAE75EE2E7C5A4200DDB794 /* LeaguesViewController.swift */; };
		AAAE75F52E7C5BC400DDB794 /* LeaguesTableViewCell.xib in Resources */ = {isa = PBXBuildFile; fileRef = AAAE75F42E7C5BC400DDB794 /* LeaguesTableViewCell.xib */; };
		AAAE75F62E7C5BC400DDB794 /* LeaguesTableViewCell.swift in Sources */ = {isa = PBXBuildFile; fileRef = AAAE75F32E7C5BC400DDB794 /* LeaguesTableViewCell.swift */; };
		AAAE75F82E7C6C0B00DDB794 /* SportType.swift in Sources */ = {isa = PBXBuildFile; fileRef = AAAE75F72E7C6C0B00DDB794 /* SportType.swift */; };
		C31047632E7CD89B006DE6BD /* CorePresenter.swift in Sources */ = {isa = PBXBuildFile; fileRef = C31047622E7CD89B006DE6BD /* CorePresenter.swift */; };
		C3109B452E7F337200933285 /* AppConstants.swift in Sources */ = {isa = PBXBuildFile; fileRef = C3109B442E7F337200933285 /* AppConstants.swift */; };
		C3109B4A2E7F49B000933285 /* StandingsTeamsResponse.swift in Sources */ = {isa = PBXBuildFile; fileRef = C3109B492E7F49B000933285 /* StandingsTeamsResponse.swift */; };
		C3109B4C2E7F4A0D00933285 /* StandingsTeamsProtocol.swift in Sources */ = {isa = PBXBuildFile; fileRef = C3109B4B2E7F4A0D00933285 /* StandingsTeamsProtocol.swift */; };
		C3109B4E2E803E9300933285 /* CoreDataHelper.swift in Sources */ = {isa = PBXBuildFile; fileRef = C3109B4D2E803E9300933285 /* CoreDataHelper.swift */; };
		C3109B502E8041A300933285 /* SprortsLeagueResponse.swift in Sources */ = {isa = PBXBuildFile; fileRef = C3109B4F2E8041A300933285 /* SprortsLeagueResponse.swift */; };
		C3109B522E804B2E00933285 /* CoreDataConvertible.swift in Sources */ = {isa = PBXBuildFile; fileRef = C3109B512E804B2E00933285 /* CoreDataConvertible.swift */; };
		C3158AB42E78783E000E3D56 /* AppDelegate.swift in Sources */ = {isa = PBXBuildFile; fileRef = C3158AB32E78783E000E3D56 /* AppDelegate.swift */; };
		C3158AB62E78783E000E3D56 /* SceneDelegate.swift in Sources */ = {isa = PBXBuildFile; fileRef = C3158AB52E78783E000E3D56 /* SceneDelegate.swift */; };
		C3158AB82E78783E000E3D56 /* ViewController.swift in Sources */ = {isa = PBXBuildFile; fileRef = C3158AB72E78783E000E3D56 /* ViewController.swift */; };
		C3158ABB2E78783E000E3D56 /* Base in Resources */ = {isa = PBXBuildFile; fileRef = C3158ABA2E78783E000E3D56 /* Base */; };
		C3158ABD2E787840000E3D56 /* Assets.xcassets in Resources */ = {isa = PBXBuildFile; fileRef = C3158ABC2E787840000E3D56 /* Assets.xcassets */; };
		C3158AC02E787840000E3D56 /* Base in Resources */ = {isa = PBXBuildFile; fileRef = C3158ABF2E787840000E3D56 /* Base */; };
		C3158ACB2E787840000E3D56 /* SportAppTests.swift in Sources */ = {isa = PBXBuildFile; fileRef = C3158ACA2E787840000E3D56 /* SportAppTests.swift */; };
		C3158AD52E787840000E3D56 /* SportAppUITests.swift in Sources */ = {isa = PBXBuildFile; fileRef = C3158AD42E787840000E3D56 /* SportAppUITests.swift */; };
		C3158AD72E787840000E3D56 /* SportAppUITestsLaunchTests.swift in Sources */ = {isa = PBXBuildFile; fileRef = C3158AD62E787840000E3D56 /* SportAppUITestsLaunchTests.swift */; };
		C318DEE92E7DF18C00CE7900 /* FixturesResponse.swift in Sources */ = {isa = PBXBuildFile; fileRef = C318DEE82E7DF18C00CE7900 /* FixturesResponse.swift */; };
		C318DEEC2E7DF39000CE7900 /* FixturesProtocol.swift in Sources */ = {isa = PBXBuildFile; fileRef = C318DEEB2E7DF39000CE7900 /* FixturesProtocol.swift */; };
		C38B085E2E7AD942002A5E2D /* ApiUrls.swift in Sources */ = {isa = PBXBuildFile; fileRef = C38B085D2E7AD942002A5E2D /* ApiUrls.swift */; };
		C38B093D2E7AEB98002A5E2D /* BasketballProtocol.swift in Sources */ = {isa = PBXBuildFile; fileRef = C38B09222E7AEB98002A5E2D /* BasketballProtocol.swift */; };
		C38B093F2E7AEB98002A5E2D /* CricketProtocol.swift in Sources */ = {isa = PBXBuildFile; fileRef = C38B09252E7AEB98002A5E2D /* CricketProtocol.swift */; };
		C38B09412E7AEB98002A5E2D /* FootballProtocol.swift in Sources */ = {isa = PBXBuildFile; fileRef = C38B09282E7AEB98002A5E2D /* FootballProtocol.swift */; };
		C38B09432E7AEB98002A5E2D /* TennisProtocol.swift in Sources */ = {isa = PBXBuildFile; fileRef = C38B092B2E7AEB98002A5E2D /* TennisProtocol.swift */; };
		C38B09442E7AEB98002A5E2D /* NetworkService.swift in Sources */ = {isa = PBXBuildFile; fileRef = C38B092E2E7AEB98002A5E2D /* NetworkService.swift */; };
		C38B09452E7AEB98002A5E2D /* BascketBall.swift in Sources */ = {isa = PBXBuildFile; fileRef = C38B09302E7AEB98002A5E2D /* BascketBall.swift */; };
		C38B09462E7AEB98002A5E2D /* CricketRequest.swift in Sources */ = {isa = PBXBuildFile; fileRef = C38B09312E7AEB98002A5E2D /* CricketRequest.swift */; };
		C38B09472E7AEB98002A5E2D /* FootballRequest.swift in Sources */ = {isa = PBXBuildFile; fileRef = C38B09322E7AEB98002A5E2D /* FootballRequest.swift */; };
		C38B09482E7AEB98002A5E2D /* TenniesRequest.swift in Sources */ = {isa = PBXBuildFile; fileRef = C38B09332E7AEB98002A5E2D /* TenniesRequest.swift */; };
		C38B09522E7AF13A002A5E2D /* SportsLeagueProtocol.swift in Sources */ = {isa = PBXBuildFile; fileRef = C38B09512E7AF13A002A5E2D /* SportsLeagueProtocol.swift */; };
		C38B09642E7AFFE0002A5E2D /* FetchDataProtocol.swift in Sources */ = {isa = PBXBuildFile; fileRef = C38B09632E7AFFE0002A5E2D /* FetchDataProtocol.swift */; };
/* End PBXBuildFile section */

/* Begin PBXContainerItemProxy section */
		C3158AC72E787840000E3D56 /* PBXContainerItemProxy */ = {
			isa = PBXContainerItemProxy;
			containerPortal = C3158AA82E78783E000E3D56 /* Project object */;
			proxyType = 1;
			remoteGlobalIDString = C3158AAF2E78783E000E3D56;
			remoteInfo = SportApp;
		};
		C3158AD12E787840000E3D56 /* PBXContainerItemProxy */ = {
			isa = PBXContainerItemProxy;
			containerPortal = C3158AA82E78783E000E3D56 /* Project object */;
			proxyType = 1;
			remoteGlobalIDString = C3158AAF2E78783E000E3D56;
			remoteInfo = SportApp;
		};
/* End PBXContainerItemProxy section */

/* Begin PBXFileReference section */
		AA210A422E82D22800B624C3 /* UIImageView+DownloadImageFromUrl.swift */ = {isa = PBXFileReference; lastKnownFileType = sourcecode.swift; name = "UIImageView+DownloadImageFromUrl.swift"; path = "SportApp/Extensions/UIImageView+DownloadImageFromUrl.swift"; sourceTree = SOURCE_ROOT; };
		AA210A452E82D24C00B624C3 /* CoreDataModel.xcdatamodel */ = {isa = PBXFileReference; lastKnownFileType = wrapper.xcdatamodel; path = CoreDataModel.xcdatamodel; sourceTree = "<group>"; };
		AA210A472E82D28C00B624C3 /* FexturesCollectionViewCell.swift */ = {isa = PBXFileReference; fileEncoding = 4; lastKnownFileType = sourcecode.swift; path = FexturesCollectionViewCell.swift; sourceTree = "<group>"; };
		AA210A482E82D28C00B624C3 /* FexturesCollectionViewCell.xib */ = {isa = PBXFileReference; fileEncoding = 4; lastKnownFileType = file.xib; path = FexturesCollectionViewCell.xib; sourceTree = "<group>"; };
		AA210A4A2E82D28C00B624C3 /* FexturesViewController.swift */ = {isa = PBXFileReference; fileEncoding = 4; lastKnownFileType = sourcecode.swift; path = FexturesViewController.swift; sourceTree = "<group>"; };
		AA210A4B2E82D28C00B624C3 /* FexturesViewController.xib */ = {isa = PBXFileReference; fileEncoding = 4; lastKnownFileType = file.xib; path = FexturesViewController.xib; sourceTree = "<group>"; };
		AA210A4D2E82D28C00B624C3 /* TeamsCollectionViewCell.swift */ = {isa = PBXFileReference; fileEncoding = 4; lastKnownFileType = sourcecode.swift; path = TeamsCollectionViewCell.swift; sourceTree = "<group>"; };
		AA210A4E2E82D28C00B624C3 /* TeamsCollectionViewCell.xib */ = {isa = PBXFileReference; fileEncoding = 4; lastKnownFileType = file.xib; path = TeamsCollectionViewCell.xib; sourceTree = "<group>"; };
		AA2428172E79A94600E2B283 /* AnimatedLogoViewController.swift */ = {isa = PBXFileReference; lastKnownFileType = sourcecode.swift; path = AnimatedLogoViewController.swift; sourceTree = "<group>"; };
		AA2428182E79A94600E2B283 /* AnimatedLogoViewController.xib */ = {isa = PBXFileReference; lastKnownFileType = file.xib; path = AnimatedLogoViewController.xib; sourceTree = "<group>"; };
		AA24281C2E79AAC100E2B283 /* HomeViewController.swift */ = {isa = PBXFileReference; lastKnownFileType = sourcecode.swift; path = HomeViewController.swift; sourceTree = "<group>"; };
		AA24281D2E79AAC100E2B283 /* HomeViewController.xib */ = {isa = PBXFileReference; lastKnownFileType = file.xib; path = HomeViewController.xib; sourceTree = "<group>"; };
		AA2428212E79ADCF00E2B283 /* MainTabBarController.swift */ = {isa = PBXFileReference; lastKnownFileType = sourcecode.swift; path = MainTabBarController.swift; sourceTree = "<group>"; };
		AA2428242E79AE1100E2B283 /* FavoritesViewController.swift */ = {isa = PBXFileReference; lastKnownFileType = sourcecode.swift; path = FavoritesViewController.swift; sourceTree = "<group>"; };
		AA2428252E79AE1100E2B283 /* FavoritesViewController.xib */ = {isa = PBXFileReference; lastKnownFileType = file.xib; path = FavoritesViewController.xib; sourceTree = "<group>"; };
		AA2428292E79B56700E2B283 /* SportsCollectionViewCell.swift */ = {isa = PBXFileReference; lastKnownFileType = sourcecode.swift; path = SportsCollectionViewCell.swift; sourceTree = "<group>"; };
		AA24282A2E79B56700E2B283 /* SportsCollectionViewCell.xib */ = {isa = PBXFileReference; lastKnownFileType = file.xib; path = SportsCollectionViewCell.xib; sourceTree = "<group>"; };
		AAAE75EE2E7C5A4200DDB794 /* LeaguesViewController.swift */ = {isa = PBXFileReference; lastKnownFileType = sourcecode.swift; path = LeaguesViewController.swift; sourceTree = "<group>"; };
		AAAE75EF2E7C5A4200DDB794 /* LeaguesViewController.xib */ = {isa = PBXFileReference; lastKnownFileType = file.xib; path = LeaguesViewController.xib; sourceTree = "<group>"; };
		AAAE75F32E7C5BC400DDB794 /* LeaguesTableViewCell.swift */ = {isa = PBXFileReference; lastKnownFileType = sourcecode.swift; path = LeaguesTableViewCell.swift; sourceTree = "<group>"; };
		AAAE75F42E7C5BC400DDB794 /* LeaguesTableViewCell.xib */ = {isa = PBXFileReference; lastKnownFileType = file.xib; path = LeaguesTableViewCell.xib; sourceTree = "<group>"; };
		AAAE75F72E7C6C0B00DDB794 /* SportType.swift */ = {isa = PBXFileReference; lastKnownFileType = sourcecode.swift; path = SportType.swift; sourceTree = "<group>"; };
		C31047622E7CD89B006DE6BD /* CorePresenter.swift */ = {isa = PBXFileReference; lastKnownFileType = sourcecode.swift; path = CorePresenter.swift; sourceTree = "<group>"; };
		C3109B442E7F337200933285 /* AppConstants.swift */ = {isa = PBXFileReference; lastKnownFileType = sourcecode.swift; path = AppConstants.swift; sourceTree = "<group>"; };
		C3109B492E7F49B000933285 /* StandingsTeamsResponse.swift */ = {isa = PBXFileReference; lastKnownFileType = sourcecode.swift; path = StandingsTeamsResponse.swift; sourceTree = "<group>"; };
		C3109B4B2E7F4A0D00933285 /* StandingsTeamsProtocol.swift */ = {isa = PBXFileReference; lastKnownFileType = sourcecode.swift; path = StandingsTeamsProtocol.swift; sourceTree = "<group>"; };
		C3109B4D2E803E9300933285 /* CoreDataHelper.swift */ = {isa = PBXFileReference; lastKnownFileType = sourcecode.swift; path = CoreDataHelper.swift; sourceTree = "<group>"; };
		C3109B4F2E8041A300933285 /* SprortsLeagueResponse.swift */ = {isa = PBXFileReference; lastKnownFileType = sourcecode.swift; path = SprortsLeagueResponse.swift; sourceTree = "<group>"; };
		C3109B512E804B2E00933285 /* CoreDataConvertible.swift */ = {isa = PBXFileReference; lastKnownFileType = sourcecode.swift; path = CoreDataConvertible.swift; sourceTree = "<group>"; };
		C3158AB02E78783E000E3D56 /* SportApp.app */ = {isa = PBXFileReference; explicitFileType = wrapper.application; includeInIndex = 0; path = SportApp.app; sourceTree = BUILT_PRODUCTS_DIR; };
		C3158AB32E78783E000E3D56 /* AppDelegate.swift */ = {isa = PBXFileReference; lastKnownFileType = sourcecode.swift; path = AppDelegate.swift; sourceTree = "<group>"; };
		C3158AB52E78783E000E3D56 /* SceneDelegate.swift */ = {isa = PBXFileReference; lastKnownFileType = sourcecode.swift; path = SceneDelegate.swift; sourceTree = "<group>"; };
		C3158AB72E78783E000E3D56 /* ViewController.swift */ = {isa = PBXFileReference; lastKnownFileType = sourcecode.swift; path = ViewController.swift; sourceTree = "<group>"; };
		C3158ABA2E78783E000E3D56 /* Base */ = {isa = PBXFileReference; lastKnownFileType = file.storyboard; name = Base; path = Base.lproj/Main.storyboard; sourceTree = "<group>"; };
		C3158ABC2E787840000E3D56 /* Assets.xcassets */ = {isa = PBXFileReference; lastKnownFileType = folder.assetcatalog; path = Assets.xcassets; sourceTree = "<group>"; };
		C3158ABF2E787840000E3D56 /* Base */ = {isa = PBXFileReference; lastKnownFileType = file.storyboard; name = Base; path = Base.lproj/LaunchScreen.storyboard; sourceTree = "<group>"; };
		C3158AC12E787840000E3D56 /* Info.plist */ = {isa = PBXFileReference; lastKnownFileType = text.plist.xml; path = Info.plist; sourceTree = "<group>"; };
		C3158AC62E787840000E3D56 /* SportAppTests.xctest */ = {isa = PBXFileReference; explicitFileType = wrapper.cfbundle; includeInIndex = 0; path = SportAppTests.xctest; sourceTree = BUILT_PRODUCTS_DIR; };
		C3158ACA2E787840000E3D56 /* SportAppTests.swift */ = {isa = PBXFileReference; lastKnownFileType = sourcecode.swift; path = SportAppTests.swift; sourceTree = "<group>"; };
		C3158AD02E787840000E3D56 /* SportAppUITests.xctest */ = {isa = PBXFileReference; explicitFileType = wrapper.cfbundle; includeInIndex = 0; path = SportAppUITests.xctest; sourceTree = BUILT_PRODUCTS_DIR; };
		C3158AD42E787840000E3D56 /* SportAppUITests.swift */ = {isa = PBXFileReference; lastKnownFileType = sourcecode.swift; path = SportAppUITests.swift; sourceTree = "<group>"; };
		C3158AD62E787840000E3D56 /* SportAppUITestsLaunchTests.swift */ = {isa = PBXFileReference; lastKnownFileType = sourcecode.swift; path = SportAppUITestsLaunchTests.swift; sourceTree = "<group>"; };
		C318DEE82E7DF18C00CE7900 /* FixturesResponse.swift */ = {isa = PBXFileReference; lastKnownFileType = sourcecode.swift; path = FixturesResponse.swift; sourceTree = "<group>"; };
		C318DEEB2E7DF39000CE7900 /* FixturesProtocol.swift */ = {isa = PBXFileReference; lastKnownFileType = sourcecode.swift; path = FixturesProtocol.swift; sourceTree = "<group>"; };
		C38B085D2E7AD942002A5E2D /* ApiUrls.swift */ = {isa = PBXFileReference; lastKnownFileType = sourcecode.swift; path = ApiUrls.swift; sourceTree = "<group>"; };
		C38B09222E7AEB98002A5E2D /* BasketballProtocol.swift */ = {isa = PBXFileReference; fileEncoding = 4; lastKnownFileType = sourcecode.swift; path = BasketballProtocol.swift; sourceTree = "<group>"; };
		C38B09252E7AEB98002A5E2D /* CricketProtocol.swift */ = {isa = PBXFileReference; fileEncoding = 4; lastKnownFileType = sourcecode.swift; path = CricketProtocol.swift; sourceTree = "<group>"; };
		C38B09282E7AEB98002A5E2D /* FootballProtocol.swift */ = {isa = PBXFileReference; fileEncoding = 4; lastKnownFileType = sourcecode.swift; path = FootballProtocol.swift; sourceTree = "<group>"; };
		C38B092B2E7AEB98002A5E2D /* TennisProtocol.swift */ = {isa = PBXFileReference; fileEncoding = 4; lastKnownFileType = sourcecode.swift; path = TennisProtocol.swift; sourceTree = "<group>"; };
		C38B092E2E7AEB98002A5E2D /* NetworkService.swift */ = {isa = PBXFileReference; fileEncoding = 4; lastKnownFileType = sourcecode.swift; path = NetworkService.swift; sourceTree = "<group>"; };
		C38B09302E7AEB98002A5E2D /* BascketBall.swift */ = {isa = PBXFileReference; fileEncoding = 4; lastKnownFileType = sourcecode.swift; path = BascketBall.swift; sourceTree = "<group>"; };
		C38B09312E7AEB98002A5E2D /* CricketRequest.swift */ = {isa = PBXFileReference; fileEncoding = 4; lastKnownFileType = sourcecode.swift; path = CricketRequest.swift; sourceTree = "<group>"; };
		C38B09322E7AEB98002A5E2D /* FootballRequest.swift */ = {isa = PBXFileReference; fileEncoding = 4; lastKnownFileType = sourcecode.swift; path = FootballRequest.swift; sourceTree = "<group>"; };
		C38B09332E7AEB98002A5E2D /* TenniesRequest.swift */ = {isa = PBXFileReference; fileEncoding = 4; lastKnownFileType = sourcecode.swift; path = TenniesRequest.swift; sourceTree = "<group>"; };
		C38B09512E7AF13A002A5E2D /* SportsLeagueProtocol.swift */ = {isa = PBXFileReference; lastKnownFileType = sourcecode.swift; path = SportsLeagueProtocol.swift; sourceTree = "<group>"; };
		C38B09632E7AFFE0002A5E2D /* FetchDataProtocol.swift */ = {isa = PBXFileReference; lastKnownFileType = sourcecode.swift; path = FetchDataProtocol.swift; sourceTree = "<group>"; };
/* End PBXFileReference section */

/* Begin PBXFrameworksBuildPhase section */
		C3158AAD2E78783E000E3D56 /* Frameworks */ = {
			isa = PBXFrameworksBuildPhase;
			buildActionMask = 2147483647;
			files = (
			);
			runOnlyForDeploymentPostprocessing = 0;
		};
		C3158AC32E787840000E3D56 /* Frameworks */ = {
			isa = PBXFrameworksBuildPhase;
			buildActionMask = 2147483647;
			files = (
			);
			runOnlyForDeploymentPostprocessing = 0;
		};
		C3158ACD2E787840000E3D56 /* Frameworks */ = {
			isa = PBXFrameworksBuildPhase;
			buildActionMask = 2147483647;
			files = (
			);
			runOnlyForDeploymentPostprocessing = 0;
		};
/* End PBXFrameworksBuildPhase section */

/* Begin PBXGroup section */
		AA210A492E82D28C00B624C3 /* FexturesCollectionViewCell */ = {
			isa = PBXGroup;
			children = (
				AA210A472E82D28C00B624C3 /* FexturesCollectionViewCell.swift */,
				AA210A482E82D28C00B624C3 /* FexturesCollectionViewCell.xib */,
			);
			path = FexturesCollectionViewCell;
			sourceTree = "<group>";
		};
		AA210A4C2E82D28C00B624C3 /* FexturesViewController */ = {
			isa = PBXGroup;
			children = (
				AA210A4A2E82D28C00B624C3 /* FexturesViewController.swift */,
				AA210A4B2E82D28C00B624C3 /* FexturesViewController.xib */,
			);
			path = FexturesViewController;
			sourceTree = "<group>";
		};
		AA210A4F2E82D28C00B624C3 /* TeamsCollectionViewCell */ = {
			isa = PBXGroup;
			children = (
				AA210A4D2E82D28C00B624C3 /* TeamsCollectionViewCell.swift */,
				AA210A4E2E82D28C00B624C3 /* TeamsCollectionViewCell.xib */,
			);
			path = TeamsCollectionViewCell;
			sourceTree = "<group>";
		};
		AA210A502E82D28C00B624C3 /* View */ = {
			isa = PBXGroup;
			children = (
				AA210A492E82D28C00B624C3 /* FexturesCollectionViewCell */,
				AA210A4C2E82D28C00B624C3 /* FexturesViewController */,
				AA210A4F2E82D28C00B624C3 /* TeamsCollectionViewCell */,
			);
			path = View;
			sourceTree = "<group>";
		};
		AA210A6E2E83657000B624C3 /* View */ = {
			isa = PBXGroup;
			children = (
			);
			path = View;
			sourceTree = "<group>";
		};
		AA2428162E79A90B00E2B283 /* AnimatedLogoViewController */ = {
			isa = PBXGroup;
			children = (
				AA2428172E79A94600E2B283 /* AnimatedLogoViewController.swift */,
				AA2428182E79A94600E2B283 /* AnimatedLogoViewController.xib */,
			);
			path = AnimatedLogoViewController;
			sourceTree = "<group>";
		};
		AA24281B2E79AAAC00E2B283 /* HomeViewController */ = {
			isa = PBXGroup;
			children = (
				AA24281C2E79AAC100E2B283 /* HomeViewController.swift */,
				AA24281D2E79AAC100E2B283 /* HomeViewController.xib */,
			);
			path = HomeViewController;
			sourceTree = "<group>";
		};
		AA2428202E79AD8900E2B283 /* MainTabBarController */ = {
			isa = PBXGroup;
			children = (
				AA2428212E79ADCF00E2B283 /* MainTabBarController.swift */,
			);
			path = MainTabBarController;
			sourceTree = "<group>";
		};
		AA2428232E79ADE400E2B283 /* FavouritesViewController */ = {
			isa = PBXGroup;
			children = (
				AA2428242E79AE1100E2B283 /* FavoritesViewController.swift */,
				AA2428252E79AE1100E2B283 /* FavoritesViewController.xib */,
			);
			path = FavouritesViewController;
			sourceTree = "<group>";
		};
		AA2428282E79B53700E2B283 /* SportsCollectionViewCell */ = {
			isa = PBXGroup;
			children = (
				AA2428292E79B56700E2B283 /* SportsCollectionViewCell.swift */,
				AA24282A2E79B56700E2B283 /* SportsCollectionViewCell.xib */,
			);
			path = SportsCollectionViewCell;
			sourceTree = "<group>";
		};
		AA24282D2E79C17400E2B283 /* View */ = {
			isa = PBXGroup;
			children = (
				AA2428282E79B53700E2B283 /* SportsCollectionViewCell */,
				AA2428232E79ADE400E2B283 /* FavouritesViewController */,
				AA2428202E79AD8900E2B283 /* MainTabBarController */,
				AA24281B2E79AAAC00E2B283 /* HomeViewController */,
				AA2428162E79A90B00E2B283 /* AnimatedLogoViewController */,
				C3158AB92E78783E000E3D56 /* Main.storyboard */,
				C3158ABE2E787840000E3D56 /* LaunchScreen.storyboard */,
				C3158AB72E78783E000E3D56 /* ViewController.swift */,
			);
			path = View;
			sourceTree = "<group>";
		};
		AA24282F2E79C2A000E2B283 /* App */ = {
			isa = PBXGroup;
			children = (
				C3158AB32E78783E000E3D56 /* AppDelegate.swift */,
				C3158AB52E78783E000E3D56 /* SceneDelegate.swift */,
			);
			path = App;
			sourceTree = "<group>";
		};
		AA2428302E79C2DB00E2B283 /* Resources */ = {
			isa = PBXGroup;
			children = (
				C3158ABC2E787840000E3D56 /* Assets.xcassets */,
			);
			path = Resources;
			sourceTree = "<group>";
		};
		AAAE75EC2E7C51CD00DDB794 /* View */ = {
			isa = PBXGroup;
			children = (
				AAAE75F22E7C5BA900DDB794 /* LeaguesTableViewCell */,
				AAAE75ED2E7C5A2800DDB794 /* LeaguesViewController */,
			);
			path = View;
			sourceTree = "<group>";
		};
		AAAE75ED2E7C5A2800DDB794 /* LeaguesViewController */ = {
			isa = PBXGroup;
			children = (
				AAAE75EE2E7C5A4200DDB794 /* LeaguesViewController.swift */,
				AAAE75EF2E7C5A4200DDB794 /* LeaguesViewController.xib */,
			);
			path = LeaguesViewController;
			sourceTree = "<group>";
		};
		AAAE75F22E7C5BA900DDB794 /* LeaguesTableViewCell */ = {
			isa = PBXGroup;
			children = (
				AAAE75F32E7C5BC400DDB794 /* LeaguesTableViewCell.swift */,
				AAAE75F42E7C5BC400DDB794 /* LeaguesTableViewCell.xib */,
			);
			path = LeaguesTableViewCell;
			sourceTree = "<group>";
		};
		C3109B432E7F335800933285 /* Constants */ = {
			isa = PBXGroup;
			children = (
				C3109B442E7F337200933285 /* AppConstants.swift */,
			);
			path = Constants;
			sourceTree = "<group>";
		};
		C3109B462E7F449300933285 /* StandingsTeams */ = {
			isa = PBXGroup;
			children = (
				AA210A6E2E83657000B624C3 /* View */,
				C3109B482E7F458900933285 /* Contract */,
				C3109B472E7F458000933285 /* Model */,
			);
			path = StandingsTeams;
			sourceTree = "<group>";
		};
		C3109B472E7F458000933285 /* Model */ = {
			isa = PBXGroup;
			children = (
				C3109B492E7F49B000933285 /* StandingsTeamsResponse.swift */,
			);
			path = Model;
			sourceTree = "<group>";
		};
		C3109B482E7F458900933285 /* Contract */ = {
			isa = PBXGroup;
			children = (
				C3109B4B2E7F4A0D00933285 /* StandingsTeamsProtocol.swift */,
			);
			path = Contract;
			sourceTree = "<group>";
		};
		C3109B532E804B6D00933285 /* Extensions */ = {
			isa = PBXGroup;
			children = (
				AA210A422E82D22800B624C3 /* UIImageView+DownloadImageFromUrl.swift */,
			);
			path = Extensions;
			sourceTree = "<group>";
		};
		C3158AA72E78783E000E3D56 = {
			isa = PBXGroup;
			children = (
				C3158AB22E78783E000E3D56 /* SportApp */,
				C3158AC92E787840000E3D56 /* SportAppTests */,
				C3158AD32E787840000E3D56 /* SportAppUITests */,
				C3158AB12E78783E000E3D56 /* Products */,
			);
			sourceTree = "<group>";
		};
		C3158AB12E78783E000E3D56 /* Products */ = {
			isa = PBXGroup;
			children = (
				C3158AB02E78783E000E3D56 /* SportApp.app */,
				C3158AC62E787840000E3D56 /* SportAppTests.xctest */,
				C3158AD02E787840000E3D56 /* SportAppUITests.xctest */,
			);
			name = Products;
			sourceTree = "<group>";
		};
		C3158AB22E78783E000E3D56 /* SportApp */ = {
			isa = PBXGroup;
			children = (
				C38B093B2E7AEB98002A5E2D /* Features */,
				C38B085C2E7AD930002A5E2D /* Core */,
				AA2428302E79C2DB00E2B283 /* Resources */,
				AA24282F2E79C2A000E2B283 /* App */,
				C3158AC12E787840000E3D56 /* Info.plist */,
			);
			path = SportApp;
			sourceTree = "<group>";
		};
		C3158AC92E787840000E3D56 /* SportAppTests */ = {
			isa = PBXGroup;
			children = (
				C3158ACA2E787840000E3D56 /* SportAppTests.swift */,
			);
			path = SportAppTests;
			sourceTree = "<group>";
		};
		C3158AD32E787840000E3D56 /* SportAppUITests */ = {
			isa = PBXGroup;
			children = (
				C3158AD42E787840000E3D56 /* SportAppUITests.swift */,
				C3158AD62E787840000E3D56 /* SportAppUITestsLaunchTests.swift */,
			);
			path = SportAppUITests;
			sourceTree = "<group>";
		};
		C318DEE62E7DEF7A00CE7900 /* Fixtures */ = {
			isa = PBXGroup;
			children = (
				AA210A502E82D28C00B624C3 /* View */,
				C318DEEA2E7DF37600CE7900 /* Contract */,
				C318DEE72E7DEF8800CE7900 /* Model */,
			);
			path = Fixtures;
			sourceTree = "<group>";
		};
		C318DEE72E7DEF8800CE7900 /* Model */ = {
			isa = PBXGroup;
			children = (
				C318DEE82E7DF18C00CE7900 /* FixturesResponse.swift */,
			);
			path = Model;
			sourceTree = "<group>";
		};
		C318DEEA2E7DF37600CE7900 /* Contract */ = {
			isa = PBXGroup;
			children = (
				C318DEEB2E7DF39000CE7900 /* FixturesProtocol.swift */,
			);
			path = Contract;
			sourceTree = "<group>";
		};
		C318DEED2E7DF43800CE7900 /* Presenter */ = {
			isa = PBXGroup;
			children = (
				C31047622E7CD89B006DE6BD /* CorePresenter.swift */,
			);
			path = Presenter;
			sourceTree = "<group>";
		};
		C38B085C2E7AD930002A5E2D /* Core */ = {
			isa = PBXGroup;
			children = (
				C3109B532E804B6D00933285 /* Extensions */,
				C3109B432E7F335800933285 /* Constants */,
				C318DEED2E7DF43800CE7900 /* Presenter */,
				C38B09622E7AFF96002A5E2D /* Contract */,
				C38B092F2E7AEB98002A5E2D /* Services */,
				C38B085D2E7AD942002A5E2D /* ApiUrls.swift */,
			);
			path = Core;
			sourceTree = "<group>";
		};
		C38B092D2E7AEB98002A5E2D /* Contract */ = {
			isa = PBXGroup;
			children = (
				C38B092B2E7AEB98002A5E2D /* TennisProtocol.swift */,
				C38B09282E7AEB98002A5E2D /* FootballProtocol.swift */,
				C38B09252E7AEB98002A5E2D /* CricketProtocol.swift */,
				C38B09222E7AEB98002A5E2D /* BasketballProtocol.swift */,
			);
			path = Contract;
			sourceTree = "<group>";
		};
		C38B092F2E7AEB98002A5E2D /* Services */ = {
			isa = PBXGroup;
			children = (
				AA210A442E82D24C00B624C3 /* CoreDataModel.xcdatamodeld */,
				C38B092E2E7AEB98002A5E2D /* NetworkService.swift */,
				C3109B4D2E803E9300933285 /* CoreDataHelper.swift */,
			);
			path = Services;
			sourceTree = "<group>";
		};
		C38B09342E7AEB98002A5E2D /* Model */ = {
			isa = PBXGroup;
			children = (
				C38B09302E7AEB98002A5E2D /* BascketBall.swift */,
				C38B09312E7AEB98002A5E2D /* CricketRequest.swift */,
				C38B09322E7AEB98002A5E2D /* FootballRequest.swift */,
				C38B09332E7AEB98002A5E2D /* TenniesRequest.swift */,
			);
			path = Model;
			sourceTree = "<group>";
		};
		C38B093A2E7AEB98002A5E2D /* Sports */ = {
			isa = PBXGroup;
			children = (
				AA24282D2E79C17400E2B283 /* View */,
				C38B092D2E7AEB98002A5E2D /* Contract */,
				C38B09342E7AEB98002A5E2D /* Model */,
			);
			path = Sports;
			sourceTree = "<group>";
		};
		C38B093B2E7AEB98002A5E2D /* Features */ = {
			isa = PBXGroup;
			children = (
				C3109B462E7F449300933285 /* StandingsTeams */,
				C318DEE62E7DEF7A00CE7900 /* Fixtures */,
				C38B094D2E7AED24002A5E2D /* Leagues */,
				C38B093A2E7AEB98002A5E2D /* Sports */,
			);
			path = Features;
			sourceTree = "<group>";
		};
		C38B094D2E7AED24002A5E2D /* Leagues */ = {
			isa = PBXGroup;
			children = (
				AAAE75EC2E7C51CD00DDB794 /* View */,
				C38B09532E7AF156002A5E2D /* Model */,
				C38B094F2E7AF0C8002A5E2D /* Contract */,
			);
			path = Leagues;
			sourceTree = "<group>";
		};
		C38B094F2E7AF0C8002A5E2D /* Contract */ = {
			isa = PBXGroup;
			children = (
				C38B09512E7AF13A002A5E2D /* SportsLeagueProtocol.swift */,
			);
			path = Contract;
			sourceTree = "<group>";
		};
		C38B09532E7AF156002A5E2D /* Model */ = {
			isa = PBXGroup;
			children = (
				AAAE75F72E7C6C0B00DDB794 /* SportType.swift */,
				C3109B4F2E8041A300933285 /* SprortsLeagueResponse.swift */,
			);
			path = Model;
			sourceTree = "<group>";
		};
		C38B09622E7AFF96002A5E2D /* Contract */ = {
			isa = PBXGroup;
			children = (
				C38B09632E7AFFE0002A5E2D /* FetchDataProtocol.swift */,
				C3109B512E804B2E00933285 /* CoreDataConvertible.swift */,
			);
			path = Contract;
			sourceTree = "<group>";
		};
/* End PBXGroup section */

/* Begin PBXNativeTarget section */
		C3158AAF2E78783E000E3D56 /* SportApp */ = {
			isa = PBXNativeTarget;
			buildConfigurationList = C3158ADA2E787840000E3D56 /* Build configuration list for PBXNativeTarget "SportApp" */;
			buildPhases = (
				C3158AAC2E78783E000E3D56 /* Sources */,
				C3158AAD2E78783E000E3D56 /* Frameworks */,
				C3158AAE2E78783E000E3D56 /* Resources */,
			);
			buildRules = (
			);
			dependencies = (
			);
			name = SportApp;
			productName = SportApp;
			productReference = C3158AB02E78783E000E3D56 /* SportApp.app */;
			productType = "com.apple.product-type.application";
		};
		C3158AC52E787840000E3D56 /* SportAppTests */ = {
			isa = PBXNativeTarget;
			buildConfigurationList = C3158ADD2E787840000E3D56 /* Build configuration list for PBXNativeTarget "SportAppTests" */;
			buildPhases = (
				C3158AC22E787840000E3D56 /* Sources */,
				C3158AC32E787840000E3D56 /* Frameworks */,
				C3158AC42E787840000E3D56 /* Resources */,
			);
			buildRules = (
			);
			dependencies = (
				C3158AC82E787840000E3D56 /* PBXTargetDependency */,
			);
			name = SportAppTests;
			productName = SportAppTests;
			productReference = C3158AC62E787840000E3D56 /* SportAppTests.xctest */;
			productType = "com.apple.product-type.bundle.unit-test";
		};
		C3158ACF2E787840000E3D56 /* SportAppUITests */ = {
			isa = PBXNativeTarget;
			buildConfigurationList = C3158AE02E787840000E3D56 /* Build configuration list for PBXNativeTarget "SportAppUITests" */;
			buildPhases = (
				C3158ACC2E787840000E3D56 /* Sources */,
				C3158ACD2E787840000E3D56 /* Frameworks */,
				C3158ACE2E787840000E3D56 /* Resources */,
			);
			buildRules = (
			);
			dependencies = (
				C3158AD22E787840000E3D56 /* PBXTargetDependency */,
			);
			name = SportAppUITests;
			productName = SportAppUITests;
			productReference = C3158AD02E787840000E3D56 /* SportAppUITests.xctest */;
			productType = "com.apple.product-type.bundle.ui-testing";
		};
/* End PBXNativeTarget section */

/* Begin PBXProject section */
		C3158AA82E78783E000E3D56 /* Project object */ = {
			isa = PBXProject;
			attributes = {
				BuildIndependentTargetsInParallel = 1;
				LastSwiftUpdateCheck = 1540;
				LastUpgradeCheck = 1540;
				TargetAttributes = {
					C3158AAF2E78783E000E3D56 = {
						CreatedOnToolsVersion = 15.4;
					};
					C3158AC52E787840000E3D56 = {
						CreatedOnToolsVersion = 15.4;
						TestTargetID = C3158AAF2E78783E000E3D56;
					};
					C3158ACF2E787840000E3D56 = {
						CreatedOnToolsVersion = 15.4;
						TestTargetID = C3158AAF2E78783E000E3D56;
					};
				};
			};
			buildConfigurationList = C3158AAB2E78783E000E3D56 /* Build configuration list for PBXProject "SportApp" */;
			compatibilityVersion = "Xcode 14.0";
			developmentRegion = en;
			hasScannedForEncodings = 0;
			knownRegions = (
				en,
				Base,
			);
			mainGroup = C3158AA72E78783E000E3D56;
			productRefGroup = C3158AB12E78783E000E3D56 /* Products */;
			projectDirPath = "";
			projectRoot = "";
			targets = (
				C3158AAF2E78783E000E3D56 /* SportApp */,
				C3158AC52E787840000E3D56 /* SportAppTests */,
				C3158ACF2E787840000E3D56 /* SportAppUITests */,
			);
		};
/* End PBXProject section */

/* Begin PBXResourcesBuildPhase section */
		C3158AAE2E78783E000E3D56 /* Resources */ = {
			isa = PBXResourcesBuildPhase;
			buildActionMask = 2147483647;
			files = (
				C3158ABD2E787840000E3D56 /* Assets.xcassets in Resources */,
				AA210A562E82D28C00B624C3 /* TeamsCollectionViewCell.xib in Resources */,
				C3158AC02E787840000E3D56 /* Base in Resources */,
				AA24281F2E79AAC100E2B283 /* HomeViewController.xib in Resources */,
				AA24281A2E79A94600E2B283 /* AnimatedLogoViewController.xib in Resources */,
				AAAE75F52E7C5BC400DDB794 /* LeaguesTableViewCell.xib in Resources */,
				AA24282C2E79B56700E2B283 /* SportsCollectionViewCell.xib in Resources */,
				AA210A522E82D28C00B624C3 /* FexturesCollectionViewCell.xib in Resources */,
				AA2428272E79AE1100E2B283 /* FavoritesViewController.xib in Resources */,
				C3158ABB2E78783E000E3D56 /* Base in Resources */,
				AAAE75F02E7C5A4200DDB794 /* LeaguesViewController.xib in Resources */,
				AA210A542E82D28C00B624C3 /* FexturesViewController.xib in Resources */,
			);
			runOnlyForDeploymentPostprocessing = 0;
		};
		C3158AC42E787840000E3D56 /* Resources */ = {
			isa = PBXResourcesBuildPhase;
			buildActionMask = 2147483647;
			files = (
			);
			runOnlyForDeploymentPostprocessing = 0;
		};
		C3158ACE2E787840000E3D56 /* Resources */ = {
			isa = PBXResourcesBuildPhase;
			buildActionMask = 2147483647;
			files = (
			);
			runOnlyForDeploymentPostprocessing = 0;
		};
/* End PBXResourcesBuildPhase section */

/* Begin PBXSourcesBuildPhase section */
		C3158AAC2E78783E000E3D56 /* Sources */ = {
			isa = PBXSourcesBuildPhase;
			buildActionMask = 2147483647;
			files = (
				AA210A532E82D28C00B624C3 /* FexturesViewController.swift in Sources */,
				C3109B4C2E7F4A0D00933285 /* StandingsTeamsProtocol.swift in Sources */,
				C38B09472E7AEB98002A5E2D /* FootballRequest.swift in Sources */,
				AA24281E2E79AAC100E2B283 /* HomeViewController.swift in Sources */,
				C38B09432E7AEB98002A5E2D /* TennisProtocol.swift in Sources */,
				C3109B4A2E7F49B000933285 /* StandingsTeamsResponse.swift in Sources */,
				C38B093D2E7AEB98002A5E2D /* BasketballProtocol.swift in Sources */,
				C38B09442E7AEB98002A5E2D /* NetworkService.swift in Sources */,
				C38B09412E7AEB98002A5E2D /* FootballProtocol.swift in Sources */,
				AA2428192E79A94600E2B283 /* AnimatedLogoViewController.swift in Sources */,
				AA2428262E79AE1100E2B283 /* FavoritesViewController.swift in Sources */,
				AA210A552E82D28C00B624C3 /* TeamsCollectionViewCell.swift in Sources */,
				C31047632E7CD89B006DE6BD /* CorePresenter.swift in Sources */,
				AAAE75F62E7C5BC400DDB794 /* LeaguesTableViewCell.swift in Sources */,
				C318DEE92E7DF18C00CE7900 /* FixturesResponse.swift in Sources */,
				AA24282B2E79B56700E2B283 /* SportsCollectionViewCell.swift in Sources */,
				C3109B452E7F337200933285 /* AppConstants.swift in Sources */,
				C318DEEC2E7DF39000CE7900 /* FixturesProtocol.swift in Sources */,
				C38B093F2E7AEB98002A5E2D /* CricketProtocol.swift in Sources */,
				AAAE75F82E7C6C0B00DDB794 /* SportType.swift in Sources */,
				C38B085E2E7AD942002A5E2D /* ApiUrls.swift in Sources */,
				AA210A462E82D24C00B624C3 /* CoreDataModel.xcdatamodeld in Sources */,
				AA2428222E79ADCF00E2B283 /* MainTabBarController.swift in Sources */,
				C38B09642E7AFFE0002A5E2D /* FetchDataProtocol.swift in Sources */,
				C38B09462E7AEB98002A5E2D /* CricketRequest.swift in Sources */,
				C38B09482E7AEB98002A5E2D /* TenniesRequest.swift in Sources */,
				C38B09452E7AEB98002A5E2D /* BascketBall.swift in Sources */,
				C3158AB82E78783E000E3D56 /* ViewController.swift in Sources */,
				C3109B4E2E803E9300933285 /* CoreDataHelper.swift in Sources */,
				C3158AB42E78783E000E3D56 /* AppDelegate.swift in Sources */,
				C3158AB62E78783E000E3D56 /* SceneDelegate.swift in Sources */,
				C38B09522E7AF13A002A5E2D /* SportsLeagueProtocol.swift in Sources */,
				C3109B502E8041A300933285 /* SprortsLeagueResponse.swift in Sources */,
				AA210A512E82D28C00B624C3 /* FexturesCollectionViewCell.swift in Sources */,
				C3109B522E804B2E00933285 /* CoreDataConvertible.swift in Sources */,
				AA210A432E82D22800B624C3 /* UIImageView+DownloadImageFromUrl.swift in Sources */,
				AAAE75F12E7C5A4200DDB794 /* LeaguesViewController.swift in Sources */,
			);
			runOnlyForDeploymentPostprocessing = 0;
		};
		C3158AC22E787840000E3D56 /* Sources */ = {
			isa = PBXSourcesBuildPhase;
			buildActionMask = 2147483647;
			files = (
				C3158ACB2E787840000E3D56 /* SportAppTests.swift in Sources */,
			);
			runOnlyForDeploymentPostprocessing = 0;
		};
		C3158ACC2E787840000E3D56 /* Sources */ = {
			isa = PBXSourcesBuildPhase;
			buildActionMask = 2147483647;
			files = (
				C3158AD72E787840000E3D56 /* SportAppUITestsLaunchTests.swift in Sources */,
				C3158AD52E787840000E3D56 /* SportAppUITests.swift in Sources */,
			);
			runOnlyForDeploymentPostprocessing = 0;
		};
/* End PBXSourcesBuildPhase section */

/* Begin PBXTargetDependency section */
		C3158AC82E787840000E3D56 /* PBXTargetDependency */ = {
			isa = PBXTargetDependency;
			target = C3158AAF2E78783E000E3D56 /* SportApp */;
			targetProxy = C3158AC72E787840000E3D56 /* PBXContainerItemProxy */;
		};
		C3158AD22E787840000E3D56 /* PBXTargetDependency */ = {
			isa = PBXTargetDependency;
			target = C3158AAF2E78783E000E3D56 /* SportApp */;
			targetProxy = C3158AD12E787840000E3D56 /* PBXContainerItemProxy */;
		};
/* End PBXTargetDependency section */

/* Begin PBXVariantGroup section */
		C3158AB92E78783E000E3D56 /* Main.storyboard */ = {
			isa = PBXVariantGroup;
			children = (
				C3158ABA2E78783E000E3D56 /* Base */,
			);
			name = Main.storyboard;
			sourceTree = "<group>";
		};
		C3158ABE2E787840000E3D56 /* LaunchScreen.storyboard */ = {
			isa = PBXVariantGroup;
			children = (
				C3158ABF2E787840000E3D56 /* Base */,
			);
			name = LaunchScreen.storyboard;
			sourceTree = "<group>";
		};
/* End PBXVariantGroup section */

/* Begin XCBuildConfiguration section */
		C3158AD82E787840000E3D56 /* Debug */ = {
			isa = XCBuildConfiguration;
			buildSettings = {
				ALWAYS_SEARCH_USER_PATHS = NO;
				ASSETCATALOG_COMPILER_GENERATE_SWIFT_ASSET_SYMBOL_EXTENSIONS = YES;
				CLANG_ANALYZER_NONNULL = YES;
				CLANG_ANALYZER_NUMBER_OBJECT_CONVERSION = YES_AGGRESSIVE;
				CLANG_CXX_LANGUAGE_STANDARD = "gnu++20";
				CLANG_ENABLE_MODULES = YES;
				CLANG_ENABLE_OBJC_ARC = YES;
				CLANG_ENABLE_OBJC_WEAK = YES;
				CLANG_WARN_BLOCK_CAPTURE_AUTORELEASING = YES;
				CLANG_WARN_BOOL_CONVERSION = YES;
				CLANG_WARN_COMMA = YES;
				CLANG_WARN_CONSTANT_CONVERSION = YES;
				CLANG_WARN_DEPRECATED_OBJC_IMPLEMENTATIONS = YES;
				CLANG_WARN_DIRECT_OBJC_ISA_USAGE = YES_ERROR;
				CLANG_WARN_DOCUMENTATION_COMMENTS = YES;
				CLANG_WARN_EMPTY_BODY = YES;
				CLANG_WARN_ENUM_CONVERSION = YES;
				CLANG_WARN_INFINITE_RECURSION = YES;
				CLANG_WARN_INT_CONVERSION = YES;
				CLANG_WARN_NON_LITERAL_NULL_CONVERSION = YES;
				CLANG_WARN_OBJC_IMPLICIT_RETAIN_SELF = YES;
				CLANG_WARN_OBJC_LITERAL_CONVERSION = YES;
				CLANG_WARN_OBJC_ROOT_CLASS = YES_ERROR;
				CLANG_WARN_QUOTED_INCLUDE_IN_FRAMEWORK_HEADER = YES;
				CLANG_WARN_RANGE_LOOP_ANALYSIS = YES;
				CLANG_WARN_STRICT_PROTOTYPES = YES;
				CLANG_WARN_SUSPICIOUS_MOVE = YES;
				CLANG_WARN_UNGUARDED_AVAILABILITY = YES_AGGRESSIVE;
				CLANG_WARN_UNREACHABLE_CODE = YES;
				CLANG_WARN__DUPLICATE_METHOD_MATCH = YES;
				COPY_PHASE_STRIP = NO;
				DEBUG_INFORMATION_FORMAT = dwarf;
				ENABLE_STRICT_OBJC_MSGSEND = YES;
				ENABLE_TESTABILITY = YES;
				ENABLE_USER_SCRIPT_SANDBOXING = YES;
				GCC_C_LANGUAGE_STANDARD = gnu17;
				GCC_DYNAMIC_NO_PIC = NO;
				GCC_NO_COMMON_BLOCKS = YES;
				GCC_OPTIMIZATION_LEVEL = 0;
				GCC_PREPROCESSOR_DEFINITIONS = (
					"DEBUG=1",
					"$(inherited)",
				);
				GCC_WARN_64_TO_32_BIT_CONVERSION = YES;
				GCC_WARN_ABOUT_RETURN_TYPE = YES_ERROR;
				GCC_WARN_UNDECLARED_SELECTOR = YES;
				GCC_WARN_UNINITIALIZED_AUTOS = YES_AGGRESSIVE;
				GCC_WARN_UNUSED_FUNCTION = YES;
				GCC_WARN_UNUSED_VARIABLE = YES;
				IPHONEOS_DEPLOYMENT_TARGET = 17.5;
				LOCALIZATION_PREFERS_STRING_CATALOGS = YES;
				MTL_ENABLE_DEBUG_INFO = INCLUDE_SOURCE;
				MTL_FAST_MATH = YES;
				ONLY_ACTIVE_ARCH = YES;
				SDKROOT = iphoneos;
				SWIFT_ACTIVE_COMPILATION_CONDITIONS = "DEBUG $(inherited)";
				SWIFT_OPTIMIZATION_LEVEL = "-Onone";
			};
			name = Debug;
		};
		C3158AD92E787840000E3D56 /* Release */ = {
			isa = XCBuildConfiguration;
			buildSettings = {
				ALWAYS_SEARCH_USER_PATHS = NO;
				ASSETCATALOG_COMPILER_GENERATE_SWIFT_ASSET_SYMBOL_EXTENSIONS = YES;
				CLANG_ANALYZER_NONNULL = YES;
				CLANG_ANALYZER_NUMBER_OBJECT_CONVERSION = YES_AGGRESSIVE;
				CLANG_CXX_LANGUAGE_STANDARD = "gnu++20";
				CLANG_ENABLE_MODULES = YES;
				CLANG_ENABLE_OBJC_ARC = YES;
				CLANG_ENABLE_OBJC_WEAK = YES;
				CLANG_WARN_BLOCK_CAPTURE_AUTORELEASING = YES;
				CLANG_WARN_BOOL_CONVERSION = YES;
				CLANG_WARN_COMMA = YES;
				CLANG_WARN_CONSTANT_CONVERSION = YES;
				CLANG_WARN_DEPRECATED_OBJC_IMPLEMENTATIONS = YES;
				CLANG_WARN_DIRECT_OBJC_ISA_USAGE = YES_ERROR;
				CLANG_WARN_DOCUMENTATION_COMMENTS = YES;
				CLANG_WARN_EMPTY_BODY = YES;
				CLANG_WARN_ENUM_CONVERSION = YES;
				CLANG_WARN_INFINITE_RECURSION = YES;
				CLANG_WARN_INT_CONVERSION = YES;
				CLANG_WARN_NON_LITERAL_NULL_CONVERSION = YES;
				CLANG_WARN_OBJC_IMPLICIT_RETAIN_SELF = YES;
				CLANG_WARN_OBJC_LITERAL_CONVERSION = YES;
				CLANG_WARN_OBJC_ROOT_CLASS = YES_ERROR;
				CLANG_WARN_QUOTED_INCLUDE_IN_FRAMEWORK_HEADER = YES;
				CLANG_WARN_RANGE_LOOP_ANALYSIS = YES;
				CLANG_WARN_STRICT_PROTOTYPES = YES;
				CLANG_WARN_SUSPICIOUS_MOVE = YES;
				CLANG_WARN_UNGUARDED_AVAILABILITY = YES_AGGRESSIVE;
				CLANG_WARN_UNREACHABLE_CODE = YES;
				CLANG_WARN__DUPLICATE_METHOD_MATCH = YES;
				COPY_PHASE_STRIP = NO;
				DEBUG_INFORMATION_FORMAT = "dwarf-with-dsym";
				ENABLE_NS_ASSERTIONS = NO;
				ENABLE_STRICT_OBJC_MSGSEND = YES;
				ENABLE_USER_SCRIPT_SANDBOXING = YES;
				GCC_C_LANGUAGE_STANDARD = gnu17;
				GCC_NO_COMMON_BLOCKS = YES;
				GCC_WARN_64_TO_32_BIT_CONVERSION = YES;
				GCC_WARN_ABOUT_RETURN_TYPE = YES_ERROR;
				GCC_WARN_UNDECLARED_SELECTOR = YES;
				GCC_WARN_UNINITIALIZED_AUTOS = YES_AGGRESSIVE;
				GCC_WARN_UNUSED_FUNCTION = YES;
				GCC_WARN_UNUSED_VARIABLE = YES;
				IPHONEOS_DEPLOYMENT_TARGET = 17.5;
				LOCALIZATION_PREFERS_STRING_CATALOGS = YES;
				MTL_ENABLE_DEBUG_INFO = NO;
				MTL_FAST_MATH = YES;
				SDKROOT = iphoneos;
				SWIFT_COMPILATION_MODE = wholemodule;
				VALIDATE_PRODUCT = YES;
			};
			name = Release;
		};
		C3158ADB2E787840000E3D56 /* Debug */ = {
			isa = XCBuildConfiguration;
			buildSettings = {
				ASSETCATALOG_COMPILER_APPICON_NAME = AppIcon;
				ASSETCATALOG_COMPILER_GLOBAL_ACCENT_COLOR_NAME = AccentColor;
				CODE_SIGN_STYLE = Automatic;
				CURRENT_PROJECT_VERSION = 1;
				GENERATE_INFOPLIST_FILE = YES;
				INFOPLIST_FILE = SportApp/Info.plist;
				INFOPLIST_KEY_UIApplicationSupportsIndirectInputEvents = YES;
				INFOPLIST_KEY_UILaunchStoryboardName = LaunchScreen;
				INFOPLIST_KEY_UIMainStoryboardFile = Main;
				INFOPLIST_KEY_UISupportedInterfaceOrientations_iPad = "UIInterfaceOrientationPortrait UIInterfaceOrientationPortraitUpsideDown UIInterfaceOrientationLandscapeLeft UIInterfaceOrientationLandscapeRight";
				INFOPLIST_KEY_UISupportedInterfaceOrientations_iPhone = "UIInterfaceOrientationPortrait UIInterfaceOrientationLandscapeLeft UIInterfaceOrientationLandscapeRight";
				LD_RUNPATH_SEARCH_PATHS = (
					"$(inherited)",
					"@executable_path/Frameworks",
				);
				MARKETING_VERSION = 1.0;
				PRODUCT_BUNDLE_IDENTIFIER = iti.com.SportApp;
				PRODUCT_NAME = "$(TARGET_NAME)";
				SWIFT_EMIT_LOC_STRINGS = YES;
				SWIFT_VERSION = 5.0;
				TARGETED_DEVICE_FAMILY = "1,2";
			};
			name = Debug;
		};
		C3158ADC2E787840000E3D56 /* Release */ = {
			isa = XCBuildConfiguration;
			buildSettings = {
				ASSETCATALOG_COMPILER_APPICON_NAME = AppIcon;
				ASSETCATALOG_COMPILER_GLOBAL_ACCENT_COLOR_NAME = AccentColor;
				CODE_SIGN_STYLE = Automatic;
				CURRENT_PROJECT_VERSION = 1;
				GENERATE_INFOPLIST_FILE = YES;
				INFOPLIST_FILE = SportApp/Info.plist;
				INFOPLIST_KEY_UIApplicationSupportsIndirectInputEvents = YES;
				INFOPLIST_KEY_UILaunchStoryboardName = LaunchScreen;
				INFOPLIST_KEY_UIMainStoryboardFile = Main;
				INFOPLIST_KEY_UISupportedInterfaceOrientations_iPad = "UIInterfaceOrientationPortrait UIInterfaceOrientationPortraitUpsideDown UIInterfaceOrientationLandscapeLeft UIInterfaceOrientationLandscapeRight";
				INFOPLIST_KEY_UISupportedInterfaceOrientations_iPhone = "UIInterfaceOrientationPortrait UIInterfaceOrientationLandscapeLeft UIInterfaceOrientationLandscapeRight";
				LD_RUNPATH_SEARCH_PATHS = (
					"$(inherited)",
					"@executable_path/Frameworks",
				);
				MARKETING_VERSION = 1.0;
				PRODUCT_BUNDLE_IDENTIFIER = iti.com.SportApp;
				PRODUCT_NAME = "$(TARGET_NAME)";
				SWIFT_EMIT_LOC_STRINGS = YES;
				SWIFT_VERSION = 5.0;
				TARGETED_DEVICE_FAMILY = "1,2";
			};
			name = Release;
		};
		C3158ADE2E787840000E3D56 /* Debug */ = {
			isa = XCBuildConfiguration;
			buildSettings = {
				ALWAYS_EMBED_SWIFT_STANDARD_LIBRARIES = YES;
				BUNDLE_LOADER = "$(TEST_HOST)";
				CODE_SIGN_STYLE = Automatic;
				CURRENT_PROJECT_VERSION = 1;
				GENERATE_INFOPLIST_FILE = YES;
				IPHONEOS_DEPLOYMENT_TARGET = 17.5;
				MARKETING_VERSION = 1.0;
				PRODUCT_BUNDLE_IDENTIFIER = iti.com.SportAppTests;
				PRODUCT_NAME = "$(TARGET_NAME)";
				SWIFT_EMIT_LOC_STRINGS = NO;
				SWIFT_VERSION = 5.0;
				TARGETED_DEVICE_FAMILY = "1,2";
				TEST_HOST = "$(BUILT_PRODUCTS_DIR)/SportApp.app/$(BUNDLE_EXECUTABLE_FOLDER_PATH)/SportApp";
			};
			name = Debug;
		};
		C3158ADF2E787840000E3D56 /* Release */ = {
			isa = XCBuildConfiguration;
			buildSettings = {
				ALWAYS_EMBED_SWIFT_STANDARD_LIBRARIES = YES;
				BUNDLE_LOADER = "$(TEST_HOST)";
				CODE_SIGN_STYLE = Automatic;
				CURRENT_PROJECT_VERSION = 1;
				GENERATE_INFOPLIST_FILE = YES;
				IPHONEOS_DEPLOYMENT_TARGET = 17.5;
				MARKETING_VERSION = 1.0;
				PRODUCT_BUNDLE_IDENTIFIER = iti.com.SportAppTests;
				PRODUCT_NAME = "$(TARGET_NAME)";
				SWIFT_EMIT_LOC_STRINGS = NO;
				SWIFT_VERSION = 5.0;
				TARGETED_DEVICE_FAMILY = "1,2";
				TEST_HOST = "$(BUILT_PRODUCTS_DIR)/SportApp.app/$(BUNDLE_EXECUTABLE_FOLDER_PATH)/SportApp";
			};
			name = Release;
		};
		C3158AE12E787840000E3D56 /* Debug */ = {
			isa = XCBuildConfiguration;
			buildSettings = {
				ALWAYS_EMBED_SWIFT_STANDARD_LIBRARIES = YES;
				CODE_SIGN_STYLE = Automatic;
				CURRENT_PROJECT_VERSION = 1;
				GENERATE_INFOPLIST_FILE = YES;
				MARKETING_VERSION = 1.0;
				PRODUCT_BUNDLE_IDENTIFIER = iti.com.SportAppUITests;
				PRODUCT_NAME = "$(TARGET_NAME)";
				SWIFT_EMIT_LOC_STRINGS = NO;
				SWIFT_VERSION = 5.0;
				TARGETED_DEVICE_FAMILY = "1,2";
				TEST_TARGET_NAME = SportApp;
			};
			name = Debug;
		};
		C3158AE22E787840000E3D56 /* Release */ = {
			isa = XCBuildConfiguration;
			buildSettings = {
				ALWAYS_EMBED_SWIFT_STANDARD_LIBRARIES = YES;
				CODE_SIGN_STYLE = Automatic;
				CURRENT_PROJECT_VERSION = 1;
				GENERATE_INFOPLIST_FILE = YES;
				MARKETING_VERSION = 1.0;
				PRODUCT_BUNDLE_IDENTIFIER = iti.com.SportAppUITests;
				PRODUCT_NAME = "$(TARGET_NAME)";
				SWIFT_EMIT_LOC_STRINGS = NO;
				SWIFT_VERSION = 5.0;
				TARGETED_DEVICE_FAMILY = "1,2";
				TEST_TARGET_NAME = SportApp;
			};
			name = Release;
		};
/* End XCBuildConfiguration section */

/* Begin XCConfigurationList section */
		C3158AAB2E78783E000E3D56 /* Build configuration list for PBXProject "SportApp" */ = {
			isa = XCConfigurationList;
			buildConfigurations = (
				C3158AD82E787840000E3D56 /* Debug */,
				C3158AD92E787840000E3D56 /* Release */,
			);
			defaultConfigurationIsVisible = 0;
			defaultConfigurationName = Release;
		};
		C3158ADA2E787840000E3D56 /* Build configuration list for PBXNativeTarget "SportApp" */ = {
			isa = XCConfigurationList;
			buildConfigurations = (
				C3158ADB2E787840000E3D56 /* Debug */,
				C3158ADC2E787840000E3D56 /* Release */,
			);
			defaultConfigurationIsVisible = 0;
			defaultConfigurationName = Release;
		};
		C3158ADD2E787840000E3D56 /* Build configuration list for PBXNativeTarget "SportAppTests" */ = {
			isa = XCConfigurationList;
			buildConfigurations = (
				C3158ADE2E787840000E3D56 /* Debug */,
				C3158ADF2E787840000E3D56 /* Release */,
			);
			defaultConfigurationIsVisible = 0;
			defaultConfigurationName = Release;
		};
		C3158AE02E787840000E3D56 /* Build configuration list for PBXNativeTarget "SportAppUITests" */ = {
			isa = XCConfigurationList;
			buildConfigurations = (
				C3158AE12E787840000E3D56 /* Debug */,
				C3158AE22E787840000E3D56 /* Release */,
			);
			defaultConfigurationIsVisible = 0;
			defaultConfigurationName = Release;
		};
/* End XCConfigurationList section */

/* Begin XCVersionGroup section */
		AA210A442E82D24C00B624C3 /* CoreDataModel.xcdatamodeld */ = {
			isa = XCVersionGroup;
			children = (
				AA210A452E82D24C00B624C3 /* CoreDataModel.xcdatamodel */,
			);
			currentVersion = AA210A452E82D24C00B624C3 /* CoreDataModel.xcdatamodel */;
			name = CoreDataModel.xcdatamodeld;
			path = /Volumes/Sequoia/Users/nafeaelkassas/Desktop/SportApp/SportApp/Core/Services/CoreDataModel.xcdatamodeld;
			sourceTree = "<group>";
			versionGroupType = wrapper.xcdatamodel;
		};
/* End XCVersionGroup section */
	};
	rootObject = C3158AA82E78783E000E3D56 /* Project object */;
}
